PODS:
  - BaiduMapKit (3.0.0)
  - MBProgressHUD (0.9.2)
  - MJExtension (3.0.13)
  - SDAutoLayout (2.1.4)
  - SDWebImage (3.8.1):
    - SDWebImage/Core (= 3.8.1)
  - SDWebImage/Core (3.8.1)

DEPENDENCIES:
  - BaiduMapKit (~> 3.0.0)
  - MBProgressHUD (~> 0.9.2)
  - MJExtension (~> 3.0.10)
  - SDAutoLayout (~> 2.1.1)
  - SDWebImage (~> 3.7)

SPEC CHECKSUMS:
  BaiduMapKit: de2a726d5296d6b2dc0e974b683af73153608dcd
  MBProgressHUD: 1569cf7ace17a8bac47aabfbb8580a49690386d1
  MJExtension: 5932755f451458eefa24239358817f8d291240c7
  SDAutoLayout: 1b2926b193a63287f473dae426ed07861e21e271
  SDWebImage: 35f9627a3e44b4f292a8a8ce6a531fa488239b91

PODFILE CHECKSUM: ea13601f7185b5d06ad5d3025cecf5df5671c8dc

COCOAPODS: 1.0.1
